
Microsoft Visual Studio Solution File, Format Version 12.00
# Visual Studio Version 17
VisualStudioVersion = 17.0.31903.59
MinimumVisualStudioVersion = 10.0.40219.1
Project("{FAE04EC0-301F-11D3-BF4B-00C04F79EFBC}") = "API", "API\API.csproj", "{2C3C76E2-47BA-4B0B-BE77-8BEBBD35B5D9}"
EndProject
Project("{FAE04EC0-301F-11D3-BF4B-00C04F79EFBC}") = "Domain", "Domain\Domain.csproj", "{84D3C928-CF15-4804-B1F5-5AAE7566F6CD}"
EndProject
Project("{FAE04EC0-301F-11D3-BF4B-00C04F79EFBC}") = "Application", "Application\Application.csproj", "{204EDFA1-0828-4372-9CA7-FFD074B025FC}"
EndProject
Project("{FAE04EC0-301F-11D3-BF4B-00C04F79EFBC}") = "Persistence", "Persistence\Persistence.csproj", "{59458DA5-6594-4838-8FE3-B024CE95A89A}"
EndProject
Global
	GlobalSection(SolutionConfigurationPlatforms) = preSolution
		Debug|Any CPU = Debug|Any CPU
		Release|Any CPU = Release|Any CPU
	EndGlobalSection
	GlobalSection(SolutionProperties) = preSolution
		HideSolutionNode = FALSE
	EndGlobalSection
	GlobalSection(ProjectConfigurationPlatforms) = postSolution
		{2C3C76E2-47BA-4B0B-BE77-8BEBBD35B5D9}.Debug|Any CPU.ActiveCfg = Debug|Any CPU
		{2C3C76E2-47BA-4B0B-BE77-8BEBBD35B5D9}.Debug|Any CPU.Build.0 = Debug|Any CPU
		{2C3C76E2-47BA-4B0B-BE77-8BEBBD35B5D9}.Release|Any CPU.ActiveCfg = Release|Any CPU
		{2C3C76E2-47BA-4B0B-BE77-8BEBBD35B5D9}.Release|Any CPU.Build.0 = Release|Any CPU
		{84D3C928-CF15-4804-B1F5-5AAE7566F6CD}.Debug|Any CPU.ActiveCfg = Debug|Any CPU
		{84D3C928-CF15-4804-B1F5-5AAE7566F6CD}.Debug|Any CPU.Build.0 = Debug|Any CPU
		{84D3C928-CF15-4804-B1F5-5AAE7566F6CD}.Release|Any CPU.ActiveCfg = Release|Any CPU
		{84D3C928-CF15-4804-B1F5-5AAE7566F6CD}.Release|Any CPU.Build.0 = Release|Any CPU
		{204EDFA1-0828-4372-9CA7-FFD074B025FC}.Debug|Any CPU.ActiveCfg = Debug|Any CPU
		{204EDFA1-0828-4372-9CA7-FFD074B025FC}.Debug|Any CPU.Build.0 = Debug|Any CPU
		{204EDFA1-0828-4372-9CA7-FFD074B025FC}.Release|Any CPU.ActiveCfg = Release|Any CPU
		{204EDFA1-0828-4372-9CA7-FFD074B025FC}.Release|Any CPU.Build.0 = Release|Any CPU
		{59458DA5-6594-4838-8FE3-B024CE95A89A}.Debug|Any CPU.ActiveCfg = Debug|Any CPU
		{59458DA5-6594-4838-8FE3-B024CE95A89A}.Debug|Any CPU.Build.0 = Debug|Any CPU
		{59458DA5-6594-4838-8FE3-B024CE95A89A}.Release|Any CPU.ActiveCfg = Release|Any CPU
		{59458DA5-6594-4838-8FE3-B024CE95A89A}.Release|Any CPU.Build.0 = Release|Any CPU
	EndGlobalSection
EndGlobal
